
Microsoft Visual Studio Solution File, Format Version 12.00
# Visual Studio Version 16
VisualStudioVersion = 16.0.32228.343
MinimumVisualStudioVersion = 10.0.40219.1
Project("{FAE04EC0-301F-11D3-BF4B-00C04F79EFBC}") = "WebSinhVien", "WebSinhVien\WebSinhVien.csproj", "{BC418BA3-6F22-40BD-8CE2-767D6CCEA160}"
EndProject
Global
	GlobalSection(SolutionConfigurationPlatforms) = preSolution
		Debug|Any CPU = Debug|Any CPU
		Release|Any CPU = Release|Any CPU
	EndGlobalSection
	GlobalSection(ProjectConfigurationPlatforms) = postSolution
		{BC418BA3-6F22-40BD-8CE2-767D6CCEA160}.Debug|Any CPU.ActiveCfg = Debug|Any CPU
		{BC418BA3-6F22-40BD-8CE2-767D6CCEA160}.Debug|Any CPU.Build.0 = Debug|Any CPU
		{BC418BA3-6F22-40BD-8CE2-767D6CCEA160}.Release|Any CPU.ActiveCfg = Release|Any CPU
		{BC418BA3-6F22-40BD-8CE2-767D6CCEA160}.Release|Any CPU.Build.0 = Release|Any CPU
	EndGlobalSection
	GlobalSection(SolutionProperties) = preSolution
		HideSolutionNode = FALSE
	EndGlobalSection
	GlobalSection(ExtensibilityGlobals) = postSolution
		SolutionGuid = {6532CC94-C7CF-4FA6-9367-97C1CF6EB1DC}
	EndGlobalSection
EndGlobal
